{
  "name": "TestProject",
  "version": "3.6.3",
  "lockfileVersion": 3,
  "requires": true,
  "packages": {
    "": {
      "name": "TestProject",
      "version": "3.6.3",
      "dependencies": {
        "inversify": "^8.1.0"
      }
    },
    "node_modules/@inversifyjs/common": {
      "version": "2.0.1",
      "resolved": "https://registry.npmjs.org/@inversifyjs/common/-/common-2.0.1.tgz",
      "integrity": "sha512-pJAR4IAcT2jkYfZ9bD9XhtUDBLJRr8QOiSjb+2XyaHru6DLvu0VD2Id2iP7+tVRKkEe3XFUwDUEdKxcYlF699Q==",
      "license": "MIT"
    },
    "node_modules/@inversifyjs/container": {
      "version": "2.0.1",
      "resolved": "https://registry.npmjs.org/@inversifyjs/container/-/container-2.0.1.tgz",
      "integrity": "sha512-xoZU4Mha5Vo+U04xWUnD01QbpQMNoIh0nUEFlb965E3rIneUbsYYiXeLUoKl57BjXjErsOL0q8o3mXi1si8rBA==",
      "license": "MIT",
      "dependencies": {
        "@inversifyjs/common": "2.0.1",
        "@inversifyjs/core": "10.0.1",
        "@inversifyjs/plugin": "0.3.1",
        "@inversifyjs/reflect-metadata-utils": "1.5.0"
      },
      "peerDependencies": {
        "reflect-metadata": "~0.2.2"
      }
    },
    "node_modules/@inversifyjs/core": {
      "version": "10.0.1",
      "resolved": "https://registry.npmjs.org/@inversifyjs/core/-/core-10.0.1.tgz",
      "integrity": "sha512-z+DHdTbHFETivPLPRgowz9wWhHA4FNYqQnKhPyDCz7zX9H/PIDcK4gZIF1YNaf5Uc2bd1nehSlVgfaTzVbb0AA==",
      "license": "MIT",
      "dependencies": {
        "@inversifyjs/common": "2.0.1",
        "@inversifyjs/prototype-utils": "0.2.1",
        "@inversifyjs/reflect-metadata-utils": "1.5.0"
      }
    },
    "node_modules/@inversifyjs/plugin": {
      "version": "0.3.1",
      "resolved": "https://registry.npmjs.org/@inversifyjs/plugin/-/plugin-0.3.1.tgz",
      "integrity": "sha512-ByklTw731fydBCTMwMpkmwm+lv0U+JWm9NEqRsz3n5KzAC5Om2XtLjqzEC2w+8Ote3gVC3Qxsx6YmG9XLIZpvg==",
      "license": "MIT"
    },
    "node_modules/@inversifyjs/prototype-utils": {
      "version": "0.2.1",
      "resolved": "https://registry.npmjs.org/@inversifyjs/prototype-utils/-/prototype-utils-0.2.1.tgz",
      "integrity": "sha512-53cVE3cw+RxnSkGlg+jOFNSox2owJF9Fv3HgFKe4f+4aPullscltIiio88QRkx2Sc5yo3VlqPsXQFGw2CVJZnw==",
      "license": "MIT",
      "dependencies": {
        "@inversifyjs/common": "2.0.1"
      }
    },
    "node_modules/@inversifyjs/reflect-metadata-utils": {
      "version": "1.5.0",
      "resolved": "https://registry.npmjs.org/@inversifyjs/reflect-metadata-utils/-/reflect-metadata-utils-1.5.0.tgz",
      "integrity": "sha512-NpJVbRbuQ6Ao2vO+aw96un3oHDFCwXI0+pplsFt0Jh0gyR8DWk4m7ml/GBNMjdbeKVW/QgJ2S6NGXjk042uwqg==",
      "license": "MIT",
      "peerDependencies": {
        "reflect-metadata": "~0.2.2"
      }
    },
    "node_modules/inversify": {
      "version": "8.1.0",
      "resolved": "https://registry.npmjs.org/inversify/-/inversify-8.1.0.tgz",
      "integrity": "sha512-LeMjL2MKHM0E8UmKo2ilRvdxG3o0pLZPYFjkaHwcjcFIrhzBGetphNkaWJ6YaM78uC1gK9v45i1R7CkCJDvG4Q==",
      "license": "MIT",
      "dependencies": {
        "@inversifyjs/common": "2.0.1",
        "@inversifyjs/container": "2.0.1",
        "@inversifyjs/core": "10.0.1"
      }
    },
    "node_modules/reflect-metadata": {
      "version": "0.2.2",
      "resolved": "https://registry.npmjs.org/reflect-metadata/-/reflect-metadata-0.2.2.tgz",
      "integrity": "sha512-urBwgfrvVP/eAyXx4hluJivBKzuEbSQs9rKWCrCkbSxNv8mxPcUZKeuoF3Uy4mJl3Lwprp6yy5/39VWigZ4K6Q==",
      "license": "Apache-2.0",
      "peer": true
    }
  }
}
