# THIS IS AN AUTOGENERATED FILE. DO NOT EDIT THIS FILE DIRECTLY.
# yarn lockfile v1


"@hmans/id@^0.0.1":
  version "0.0.1"
  resolved "https://registry.yarnpkg.com/@hmans/id/-/id-0.0.1.tgz#fcb8642b6c858e8880f5fa807941fe783234969d"
  integrity sha512-2BxHxZziST8F0P5Dt+UuttF2lwCaKK7QFR814PwEp708l6dm86pjWJAFr7BKyAGu27mRpYcghvCAUAucNdsCdw==

"@hmans/queue@^0.0.1":
  version "0.0.1"
  resolved "https://registry.yarnpkg.com/@hmans/queue/-/queue-0.0.1.tgz#48aa6bed978501d0d78469eb9ddc9bcf71b76ebf"
  integrity sha512-Mm8oQRFRoiEYQ3QD9CD14DTaShd21nzNrUFyBhFxy+TduKf2PdMRfHHx7lDvEpbODGNlj+e8mcWGj/YjWmC3Bw==

"@inversifyjs/common@2.0.1":
  version "2.0.1"
  resolved "https://registry.yarnpkg.com/@inversifyjs/common/-/common-2.0.1.tgz#5ae63d4f36d67ef5c4bc3e14befedf6271ed2fcb"
  integrity sha512-pJAR4IAcT2jkYfZ9bD9XhtUDBLJRr8QOiSjb+2XyaHru6DLvu0VD2Id2iP7+tVRKkEe3XFUwDUEdKxcYlF699Q==

"@inversifyjs/container@2.0.1":
  version "2.0.1"
  resolved "https://registry.yarnpkg.com/@inversifyjs/container/-/container-2.0.1.tgz#b446d063bd0f47514e389f302f7c712a7abe92a5"
  integrity sha512-xoZU4Mha5Vo+U04xWUnD01QbpQMNoIh0nUEFlb965E3rIneUbsYYiXeLUoKl57BjXjErsOL0q8o3mXi1si8rBA==
  dependencies:
    "@inversifyjs/common" "2.0.1"
    "@inversifyjs/core" "10.0.1"
    "@inversifyjs/plugin" "0.3.1"
    "@inversifyjs/reflect-metadata-utils" "1.5.0"

"@inversifyjs/core@10.0.1":
  version "10.0.1"
  resolved "https://registry.yarnpkg.com/@inversifyjs/core/-/core-10.0.1.tgz#d5784abdb83432f135f7eb83f7a64df104f9923f"
  integrity sha512-z+DHdTbHFETivPLPRgowz9wWhHA4FNYqQnKhPyDCz7zX9H/PIDcK4gZIF1YNaf5Uc2bd1nehSlVgfaTzVbb0AA==
  dependencies:
    "@inversifyjs/common" "2.0.1"
    "@inversifyjs/prototype-utils" "0.2.1"
    "@inversifyjs/reflect-metadata-utils" "1.5.0"

"@inversifyjs/plugin@0.3.1":
  version "0.3.1"
  resolved "https://registry.yarnpkg.com/@inversifyjs/plugin/-/plugin-0.3.1.tgz#0f5d889880eaea2fa38c3c9920efc5b46a019056"
  integrity sha512-ByklTw731fydBCTMwMpkmwm+lv0U+JWm9NEqRsz3n5KzAC5Om2XtLjqzEC2w+8Ote3gVC3Qxsx6YmG9XLIZpvg==

"@inversifyjs/prototype-utils@0.2.1":
  version "0.2.1"
  resolved "https://registry.yarnpkg.com/@inversifyjs/prototype-utils/-/prototype-utils-0.2.1.tgz#dc3ab52ef94dc3017d9953025747134f756c15a6"
  integrity sha512-53cVE3cw+RxnSkGlg+jOFNSox2owJF9Fv3HgFKe4f+4aPullscltIiio88QRkx2Sc5yo3VlqPsXQFGw2CVJZnw==
  dependencies:
    "@inversifyjs/common" "2.0.1"

"@inversifyjs/reflect-metadata-utils@1.5.0":
  version "1.5.0"
  resolved "https://registry.yarnpkg.com/@inversifyjs/reflect-metadata-utils/-/reflect-metadata-utils-1.5.0.tgz#499894c50b78da44301217e33c56989db4ccc62d"
  integrity sha512-NpJVbRbuQ6Ao2vO+aw96un3oHDFCwXI0+pplsFt0Jh0gyR8DWk4m7ml/GBNMjdbeKVW/QgJ2S6NGXjk042uwqg==

"@miniplex/bucket@2.0.0":
  version "2.0.0"
  resolved "https://registry.yarnpkg.com/@miniplex/bucket/-/bucket-2.0.0.tgz#bd9774aa901d5b06d7b4bf813a6cce292066bcfa"
  integrity sha512-jdAW0vG0tLel0dD0lyQqkQ4g4G9CscbVtenu35jB48fnVK3zmfFmQKIxXHsUvFs4KAN44UESAgaVOroTetFSRw==
  dependencies:
    eventery "^0.0.4"

eventery@^0.0.4:
  version "0.0.4"
  resolved "https://registry.yarnpkg.com/eventery/-/eventery-0.0.4.tgz#30069c66facd6823ca979f3195f9fe3f46125846"
  integrity sha512-rQbXJG8WX9z2cm3IJadkSUZLWFXuwGMIJ40oWyB23DhVb1e92T7Jx3qF0UwtgHI7D4VZzVswbZ7MXfW88cFF4Q==

inversify@^8.1.0:
  version "8.1.0"
  resolved "https://registry.yarnpkg.com/inversify/-/inversify-8.1.0.tgz#f29a500796bfd2fd67562a9ecf6e454fad6bd126"
  integrity sha512-LeMjL2MKHM0E8UmKo2ilRvdxG3o0pLZPYFjkaHwcjcFIrhzBGetphNkaWJ6YaM78uC1gK9v45i1R7CkCJDvG4Q==
  dependencies:
    "@inversifyjs/common" "2.0.1"
    "@inversifyjs/container" "2.0.1"
    "@inversifyjs/core" "10.0.1"

miniplex@^2.0.0:
  version "2.0.0"
  resolved "https://registry.yarnpkg.com/miniplex/-/miniplex-2.0.0.tgz#5d0be39b78a838bf35702d7e5de26c4df87f70bf"
  integrity sha512-pJlxmlPf5Qyx12amgOCyRE6Lzw28ct2G0lF9xn7/xudLtA/xDOUnCIU2xOxCk8GkjePYctcNpjmFshJp/Ht66A==
  dependencies:
    "@hmans/id" "^0.0.1"
    "@hmans/queue" "^0.0.1"
    "@miniplex/bucket" "2.0.0"

reflect-metadata@~0.2.2:
  version "0.2.2"
  resolved "https://registry.yarnpkg.com/reflect-metadata/-/reflect-metadata-0.2.2.tgz#400c845b6cba87a21f2c65c4aeb158f4fa4d9c5b"
  integrity sha512-urBwgfrvVP/eAyXx4hluJivBKzuEbSQs9rKWCrCkbSxNv8mxPcUZKeuoF3Uy4mJl3Lwprp6yy5/39VWigZ4K6Q==
